github.com/shal/mono v0.2.4 h1:j0Xq4nYdt4AG53EtkUArcUZvmu7OgnGuY5unp8rjedg=
github.com/shal/mono v0.2.4/go.mod h1:G6LUrnFUSH8BauLXzQZhFxnfTxFtN2cL+SAf5P4v3so=
github.com/shopspring/decimal v1.3.1 h1:2Usl1nmF/WZucqkFZhnfFYxxxu8LG21F6nPQBE5gKV8=
github.com/shopspring/decimal v1.3.1/go.mod h1:DKyhrW/HYNuLGql+MJL6WCR6knT2jwCFRcu2hWCYk4o=
